
Microsoft Visual Studio Solution File, Format Version 12.00
# Visual Studio 14
VisualStudioVersion = 14.0.25420.1
MinimumVisualStudioVersion = 10.0.40219.1
Project("{FAE04EC0-301F-11D3-BF4B-00C04F79EFBC}") = "IndustryApp", "IndustryApp\IndustryApp\IndustryApp.csproj", "{3937F667-E5C7-44D0-9103-69724A4174DC}"
EndProject
Project("{FAE04EC0-301F-11D3-BF4B-00C04F79EFBC}") = "IndustryApp.Droid", "IndustryApp\IndustryApp.Droid\IndustryApp.Droid.csproj", "{97166981-D494-4163-BFAB-63A168D889CF}"
EndProject
Project("{FAE04EC0-301F-11D3-BF4B-00C04F79EFBC}") = "IndustryApp.iOS", "IndustryApp\IndustryApp.iOS\IndustryApp.iOS.csproj", "{E2877BE8-C846-4A49-95E9-DBE0CF2CABFE}"
EndProject
Project("{FAE04EC0-301F-11D3-BF4B-00C04F79EFBC}") = "IndustryApp.UWP", "IndustryApp\IndustryApp.UWP\IndustryApp.UWP.csproj", "{C8A61E76-F8AF-414A-8836-975779DE5695}"
EndProject
Global
	GlobalSection(SolutionConfigurationPlatforms) = preSolution
		Ad-Hoc|Any CPU = Ad-Hoc|Any CPU
		Ad-Hoc|ARM = Ad-Hoc|ARM
		Ad-Hoc|iPhone = Ad-Hoc|iPhone
		Ad-Hoc|iPhoneSimulator = Ad-Hoc|iPhoneSimulator
		Ad-Hoc|x64 = Ad-Hoc|x64
		Ad-Hoc|x86 = Ad-Hoc|x86
		AppStore|Any CPU = AppStore|Any CPU
		AppStore|ARM = AppStore|ARM
		AppStore|iPhone = AppStore|iPhone
		AppStore|iPhoneSimulator = AppStore|iPhoneSimulator
		AppStore|x64 = AppStore|x64
		AppStore|x86 = AppStore|x86
		Debug|Any CPU = Debug|Any CPU
		Debug|ARM = Debug|ARM
		Debug|iPhone = Debug|iPhone
		Debug|iPhoneSimulator = Debug|iPhoneSimulator
		Debug|x64 = Debug|x64
		Debug|x86 = Debug|x86
		Release|Any CPU = Release|Any CPU
		Release|ARM = Release|ARM
		Release|iPhone = Release|iPhone
		Release|iPhoneSimulator = Release|iPhoneSimulator
		Release|x64 = Release|x64
		Release|x86 = Release|x86
	EndGlobalSection
	GlobalSection(ProjectConfigurationPlatforms) = postSolution
		{3937F667-E5C7-44D0-9103-69724A4174DC}.Ad-Hoc|Any CPU.ActiveCfg = Release|Any CPU
		{3937F667-E5C7-44D0-9103-69724A4174DC}.Ad-Hoc|Any CPU.Build.0 = Release|Any CPU
		{3937F667-E5C7-44D0-9103-69724A4174DC}.Ad-Hoc|ARM.ActiveCfg = Release|Any CPU
		{3937F667-E5C7-44D0-9103-69724A4174DC}.Ad-Hoc|ARM.Build.0 = Release|Any CPU
		{3937F667-E5C7-44D0-9103-69724A4174DC}.Ad-Hoc|iPhone.ActiveCfg = Release|Any CPU
		{3937F667-E5C7-44D0-9103-69724A4174DC}.Ad-Hoc|iPhone.Build.0 = Release|Any CPU
		{3937F667-E5C7-44D0-9103-69724A4174DC}.Ad-Hoc|iPhoneSimulator.ActiveCfg = Release|Any CPU
		{3937F667-E5C7-44D0-9103-69724A4174DC}.Ad-Hoc|iPhoneSimulator.Build.0 = Release|Any CPU
		{3937F667-E5C7-44D0-9103-69724A4174DC}.Ad-Hoc|x64.ActiveCfg = Release|Any CPU
		{3937F667-E5C7-44D0-9103-69724A4174DC}.Ad-Hoc|x64.Build.0 = Release|Any CPU
		{3937F667-E5C7-44D0-9103-69724A4174DC}.Ad-Hoc|x86.ActiveCfg = Release|Any CPU
		{3937F667-E5C7-44D0-9103-69724A4174DC}.Ad-Hoc|x86.Build.0 = Release|Any CPU
		{3937F667-E5C7-44D0-9103-69724A4174DC}.AppStore|Any CPU.ActiveCfg = Release|Any CPU
		{3937F667-E5C7-44D0-9103-69724A4174DC}.AppStore|Any CPU.Build.0 = Release|Any CPU
		{3937F667-E5C7-44D0-9103-69724A4174DC}.AppStore|ARM.ActiveCfg = Release|Any CPU
		{3937F667-E5C7-44D0-9103-69724A4174DC}.AppStore|ARM.Build.0 = Release|Any CPU
		{3937F667-E5C7-44D0-9103-69724A4174DC}.AppStore|iPhone.ActiveCfg = Release|Any CPU
		{3937F667-E5C7-44D0-9103-69724A4174DC}.AppStore|iPhone.Build.0 = Release|Any CPU
		{3937F667-E5C7-44D0-9103-69724A4174DC}.AppStore|iPhoneSimulator.ActiveCfg = Release|Any CPU
		{3937F667-E5C7-44D0-9103-69724A4174DC}.AppStore|iPhoneSimulator.Build.0 = Release|Any CPU
		{3937F667-E5C7-44D0-9103-69724A4174DC}.AppStore|x64.ActiveCfg = Release|Any CPU
		{3937F667-E5C7-44D0-9103-69724A4174DC}.AppStore|x64.Build.0 = Release|Any CPU
		{3937F667-E5C7-44D0-9103-69724A4174DC}.AppStore|x86.ActiveCfg = Release|Any CPU
		{3937F667-E5C7-44D0-9103-69724A4174DC}.AppStore|x86.Build.0 = Release|Any CPU
		{3937F667-E5C7-44D0-9103-69724A4174DC}.Debug|Any CPU.ActiveCfg = Debug|Any CPU
		{3937F667-E5C7-44D0-9103-69724A4174DC}.Debug|Any CPU.Build.0 = Debug|Any CPU
		{3937F667-E5C7-44D0-9103-69724A4174DC}.Debug|ARM.ActiveCfg = Debug|Any CPU
		{3937F667-E5C7-44D0-9103-69724A4174DC}.Debug|ARM.Build.0 = Debug|Any CPU
		{3937F667-E5C7-44D0-9103-69724A4174DC}.Debug|iPhone.ActiveCfg = Debug|Any CPU
		{3937F667-E5C7-44D0-9103-69724A4174DC}.Debug|iPhone.Build.0 = Debug|Any CPU
		{3937F667-E5C7-44D0-9103-69724A4174DC}.Debug|iPhoneSimulator.ActiveCfg = Debug|Any CPU
		{3937F667-E5C7-44D0-9103-69724A4174DC}.Debug|iPhoneSimulator.Build.0 = Debug|Any CPU
		{3937F667-E5C7-44D0-9103-69724A4174DC}.Debug|x64.ActiveCfg = Debug|Any CPU
		{3937F667-E5C7-44D0-9103-69724A4174DC}.Debug|x64.Build.0 = Debug|Any CPU
		{3937F667-E5C7-44D0-9103-69724A4174DC}.Debug|x86.ActiveCfg = Debug|Any CPU
		{3937F667-E5C7-44D0-9103-69724A4174DC}.Debug|x86.Build.0 = Debug|Any CPU
		{3937F667-E5C7-44D0-9103-69724A4174DC}.Release|Any CPU.ActiveCfg = Release|Any CPU
		{3937F667-E5C7-44D0-9103-69724A4174DC}.Release|Any CPU.Build.0 = Release|Any CPU
		{3937F667-E5C7-44D0-9103-69724A4174DC}.Release|ARM.ActiveCfg = Release|Any CPU
		{3937F667-E5C7-44D0-9103-69724A4174DC}.Release|ARM.Build.0 = Release|Any CPU
		{3937F667-E5C7-44D0-9103-69724A4174DC}.Release|iPhone.ActiveCfg = Release|Any CPU
		{3937F667-E5C7-44D0-9103-69724A4174DC}.Release|iPhone.Build.0 = Release|Any CPU
		{3937F667-E5C7-44D0-9103-69724A4174DC}.Release|iPhoneSimulator.ActiveCfg = Release|Any CPU
		{3937F667-E5C7-44D0-9103-69724A4174DC}.Release|iPhoneSimulator.Build.0 = Release|Any CPU
		{3937F667-E5C7-44D0-9103-69724A4174DC}.Release|x64.ActiveCfg = Release|Any CPU
		{3937F667-E5C7-44D0-9103-69724A4174DC}.Release|x64.Build.0 = Release|Any CPU
		{3937F667-E5C7-44D0-9103-69724A4174DC}.Release|x86.ActiveCfg = Release|Any CPU
		{3937F667-E5C7-44D0-9103-69724A4174DC}.Release|x86.Build.0 = Release|Any CPU
		{97166981-D494-4163-BFAB-63A168D889CF}.Ad-Hoc|Any CPU.ActiveCfg = Release|Any CPU
		{97166981-D494-4163-BFAB-63A168D889CF}.Ad-Hoc|Any CPU.Build.0 = Release|Any CPU
		{97166981-D494-4163-BFAB-63A168D889CF}.Ad-Hoc|Any CPU.Deploy.0 = Release|Any CPU
		{97166981-D494-4163-BFAB-63A168D889CF}.Ad-Hoc|ARM.ActiveCfg = Release|Any CPU
		{97166981-D494-4163-BFAB-63A168D889CF}.Ad-Hoc|ARM.Build.0 = Release|Any CPU
		{97166981-D494-4163-BFAB-63A168D889CF}.Ad-Hoc|ARM.Deploy.0 = Release|Any CPU
		{97166981-D494-4163-BFAB-63A168D889CF}.Ad-Hoc|iPhone.ActiveCfg = Release|Any CPU
		{97166981-D494-4163-BFAB-63A168D889CF}.Ad-Hoc|iPhone.Build.0 = Release|Any CPU
		{97166981-D494-4163-BFAB-63A168D889CF}.Ad-Hoc|iPhone.Deploy.0 = Release|Any CPU
		{97166981-D494-4163-BFAB-63A168D889CF}.Ad-Hoc|iPhoneSimulator.ActiveCfg = Release|Any CPU
		{97166981-D494-4163-BFAB-63A168D889CF}.Ad-Hoc|iPhoneSimulator.Build.0 = Release|Any CPU
		{97166981-D494-4163-BFAB-63A168D889CF}.Ad-Hoc|iPhoneSimulator.Deploy.0 = Release|Any CPU
		{97166981-D494-4163-BFAB-63A168D889CF}.Ad-Hoc|x64.ActiveCfg = Release|Any CPU
		{97166981-D494-4163-BFAB-63A168D889CF}.Ad-Hoc|x64.Build.0 = Release|Any CPU
		{97166981-D494-4163-BFAB-63A168D889CF}.Ad-Hoc|x64.Deploy.0 = Release|Any CPU
		{97166981-D494-4163-BFAB-63A168D889CF}.Ad-Hoc|x86.ActiveCfg = Release|Any CPU
		{97166981-D494-4163-BFAB-63A168D889CF}.Ad-Hoc|x86.Build.0 = Release|Any CPU
		{97166981-D494-4163-BFAB-63A168D889CF}.Ad-Hoc|x86.Deploy.0 = Release|Any CPU
		{97166981-D494-4163-BFAB-63A168D889CF}.AppStore|Any CPU.ActiveCfg = Release|Any CPU
		{97166981-D494-4163-BFAB-63A168D889CF}.AppStore|Any CPU.Build.0 = Release|Any CPU
		{97166981-D494-4163-BFAB-63A168D889CF}.AppStore|Any CPU.Deploy.0 = Release|Any CPU
		{97166981-D494-4163-BFAB-63A168D889CF}.AppStore|ARM.ActiveCfg = Release|Any CPU
		{97166981-D494-4163-BFAB-63A168D889CF}.AppStore|ARM.Build.0 = Release|Any CPU
		{97166981-D494-4163-BFAB-63A168D889CF}.AppStore|ARM.Deploy.0 = Release|Any CPU
		{97166981-D494-4163-BFAB-63A168D889CF}.AppStore|iPhone.ActiveCfg = Release|Any CPU
		{97166981-D494-4163-BFAB-63A168D889CF}.AppStore|iPhone.Build.0 = Release|Any CPU
		{97166981-D494-4163-BFAB-63A168D889CF}.AppStore|iPhone.Deploy.0 = Release|Any CPU
		{97166981-D494-4163-BFAB-63A168D889CF}.AppStore|iPhoneSimulator.ActiveCfg = Release|Any CPU
		{97166981-D494-4163-BFAB-63A168D889CF}.AppStore|iPhoneSimulator.Build.0 = Release|Any CPU
		{97166981-D494-4163-BFAB-63A168D889CF}.AppStore|iPhoneSimulator.Deploy.0 = Release|Any CPU
		{97166981-D494-4163-BFAB-63A168D889CF}.AppStore|x64.ActiveCfg = Release|Any CPU
		{97166981-D494-4163-BFAB-63A168D889CF}.AppStore|x64.Build.0 = Release|Any CPU
		{97166981-D494-4163-BFAB-63A168D889CF}.AppStore|x64.Deploy.0 = Release|Any CPU
		{97166981-D494-4163-BFAB-63A168D889CF}.AppStore|x86.ActiveCfg = Release|Any CPU
		{97166981-D494-4163-BFAB-63A168D889CF}.AppStore|x86.Build.0 = Release|Any CPU
		{97166981-D494-4163-BFAB-63A168D889CF}.AppStore|x86.Deploy.0 = Release|Any CPU
		{97166981-D494-4163-BFAB-63A168D889CF}.Debug|Any CPU.ActiveCfg = Debug|Any CPU
		{97166981-D494-4163-BFAB-63A168D889CF}.Debug|Any CPU.Build.0 = Debug|Any CPU
		{97166981-D494-4163-BFAB-63A168D889CF}.Debug|Any CPU.Deploy.0 = Debug|Any CPU
		{97166981-D494-4163-BFAB-63A168D889CF}.Debug|ARM.ActiveCfg = Debug|Any CPU
		{97166981-D494-4163-BFAB-63A168D889CF}.Debug|ARM.Build.0 = Debug|Any CPU
		{97166981-D494-4163-BFAB-63A168D889CF}.Debug|ARM.Deploy.0 = Debug|Any CPU
		{97166981-D494-4163-BFAB-63A168D889CF}.Debug|iPhone.ActiveCfg = Debug|Any CPU
		{97166981-D494-4163-BFAB-63A168D889CF}.Debug|iPhone.Build.0 = Debug|Any CPU
		{97166981-D494-4163-BFAB-63A168D889CF}.Debug|iPhone.Deploy.0 = Debug|Any CPU
		{97166981-D494-4163-BFAB-63A168D889CF}.Debug|iPhoneSimulator.ActiveCfg = Debug|Any CPU
		{97166981-D494-4163-BFAB-63A168D889CF}.Debug|iPhoneSimulator.Build.0 = Debug|Any CPU
		{97166981-D494-4163-BFAB-63A168D889CF}.Debug|iPhoneSimulator.Deploy.0 = Debug|Any CPU
		{97166981-D494-4163-BFAB-63A168D889CF}.Debug|x64.ActiveCfg = Debug|Any CPU
		{97166981-D494-4163-BFAB-63A168D889CF}.Debug|x64.Build.0 = Debug|Any CPU
		{97166981-D494-4163-BFAB-63A168D889CF}.Debug|x64.Deploy.0 = Debug|Any CPU
		{97166981-D494-4163-BFAB-63A168D889CF}.Debug|x86.ActiveCfg = Debug|Any CPU
		{97166981-D494-4163-BFAB-63A168D889CF}.Debug|x86.Build.0 = Debug|Any CPU
		{97166981-D494-4163-BFAB-63A168D889CF}.Debug|x86.Deploy.0 = Debug|Any CPU
		{97166981-D494-4163-BFAB-63A168D889CF}.Release|Any CPU.ActiveCfg = Release|Any CPU
		{97166981-D494-4163-BFAB-63A168D889CF}.Release|Any CPU.Build.0 = Release|Any CPU
		{97166981-D494-4163-BFAB-63A168D889CF}.Release|Any CPU.Deploy.0 = Release|Any CPU
		{97166981-D494-4163-BFAB-63A168D889CF}.Release|ARM.ActiveCfg = Release|Any CPU
		{97166981-D494-4163-BFAB-63A168D889CF}.Release|ARM.Build.0 = Release|Any CPU
		{97166981-D494-4163-BFAB-63A168D889CF}.Release|ARM.Deploy.0 = Release|Any CPU
		{97166981-D494-4163-BFAB-63A168D889CF}.Release|iPhone.ActiveCfg = Release|Any CPU
		{97166981-D494-4163-BFAB-63A168D889CF}.Release|iPhone.Build.0 = Release|Any CPU
		{97166981-D494-4163-BFAB-63A168D889CF}.Release|iPhone.Deploy.0 = Release|Any CPU
		{97166981-D494-4163-BFAB-63A168D889CF}.Release|iPhoneSimulator.ActiveCfg = Release|Any CPU
		{97166981-D494-4163-BFAB-63A168D889CF}.Release|iPhoneSimulator.Build.0 = Release|Any CPU
		{97166981-D494-4163-BFAB-63A168D889CF}.Release|iPhoneSimulator.Deploy.0 = Release|Any CPU
		{97166981-D494-4163-BFAB-63A168D889CF}.Release|x64.ActiveCfg = Release|Any CPU
		{97166981-D494-4163-BFAB-63A168D889CF}.Release|x64.Build.0 = Release|Any CPU
		{97166981-D494-4163-BFAB-63A168D889CF}.Release|x64.Deploy.0 = Release|Any CPU
		{97166981-D494-4163-BFAB-63A168D889CF}.Release|x86.ActiveCfg = Release|Any CPU
		{97166981-D494-4163-BFAB-63A168D889CF}.Release|x86.Build.0 = Release|Any CPU
		{97166981-D494-4163-BFAB-63A168D889CF}.Release|x86.Deploy.0 = Release|Any CPU
		{E2877BE8-C846-4A49-95E9-DBE0CF2CABFE}.Ad-Hoc|Any CPU.ActiveCfg = Ad-Hoc|iPhone
		{E2877BE8-C846-4A49-95E9-DBE0CF2CABFE}.Ad-Hoc|ARM.ActiveCfg = Ad-Hoc|iPhone
		{E2877BE8-C846-4A49-95E9-DBE0CF2CABFE}.Ad-Hoc|iPhone.ActiveCfg = Ad-Hoc|iPhone
		{E2877BE8-C846-4A49-95E9-DBE0CF2CABFE}.Ad-Hoc|iPhone.Build.0 = Ad-Hoc|iPhone
		{E2877BE8-C846-4A49-95E9-DBE0CF2CABFE}.Ad-Hoc|iPhoneSimulator.ActiveCfg = Ad-Hoc|iPhoneSimulator
		{E2877BE8-C846-4A49-95E9-DBE0CF2CABFE}.Ad-Hoc|iPhoneSimulator.Build.0 = Ad-Hoc|iPhoneSimulator
		{E2877BE8-C846-4A49-95E9-DBE0CF2CABFE}.Ad-Hoc|x64.ActiveCfg = Ad-Hoc|iPhone
		{E2877BE8-C846-4A49-95E9-DBE0CF2CABFE}.Ad-Hoc|x86.ActiveCfg = Ad-Hoc|iPhone
		{E2877BE8-C846-4A49-95E9-DBE0CF2CABFE}.AppStore|Any CPU.ActiveCfg = AppStore|iPhone
		{E2877BE8-C846-4A49-95E9-DBE0CF2CABFE}.AppStore|ARM.ActiveCfg = AppStore|iPhone
		{E2877BE8-C846-4A49-95E9-DBE0CF2CABFE}.AppStore|iPhone.ActiveCfg = AppStore|iPhone
		{E2877BE8-C846-4A49-95E9-DBE0CF2CABFE}.AppStore|iPhone.Build.0 = AppStore|iPhone
		{E2877BE8-C846-4A49-95E9-DBE0CF2CABFE}.AppStore|iPhoneSimulator.ActiveCfg = AppStore|iPhoneSimulator
		{E2877BE8-C846-4A49-95E9-DBE0CF2CABFE}.AppStore|iPhoneSimulator.Build.0 = AppStore|iPhoneSimulator
		{E2877BE8-C846-4A49-95E9-DBE0CF2CABFE}.AppStore|x64.ActiveCfg = AppStore|iPhone
		{E2877BE8-C846-4A49-95E9-DBE0CF2CABFE}.AppStore|x86.ActiveCfg = AppStore|iPhone
		{E2877BE8-C846-4A49-95E9-DBE0CF2CABFE}.Debug|Any CPU.ActiveCfg = Debug|iPhone
		{E2877BE8-C846-4A49-95E9-DBE0CF2CABFE}.Debug|ARM.ActiveCfg = Debug|iPhone
		{E2877BE8-C846-4A49-95E9-DBE0CF2CABFE}.Debug|iPhone.ActiveCfg = Debug|iPhone
		{E2877BE8-C846-4A49-95E9-DBE0CF2CABFE}.Debug|iPhone.Build.0 = Debug|iPhone
		{E2877BE8-C846-4A49-95E9-DBE0CF2CABFE}.Debug|iPhoneSimulator.ActiveCfg = Debug|iPhoneSimulator
		{E2877BE8-C846-4A49-95E9-DBE0CF2CABFE}.Debug|iPhoneSimulator.Build.0 = Debug|iPhoneSimulator
		{E2877BE8-C846-4A49-95E9-DBE0CF2CABFE}.Debug|x64.ActiveCfg = Debug|iPhone
		{E2877BE8-C846-4A49-95E9-DBE0CF2CABFE}.Debug|x86.ActiveCfg = Debug|iPhone
		{E2877BE8-C846-4A49-95E9-DBE0CF2CABFE}.Release|Any CPU.ActiveCfg = Release|iPhone
		{E2877BE8-C846-4A49-95E9-DBE0CF2CABFE}.Release|ARM.ActiveCfg = Release|iPhone
		{E2877BE8-C846-4A49-95E9-DBE0CF2CABFE}.Release|iPhone.ActiveCfg = Release|iPhone
		{E2877BE8-C846-4A49-95E9-DBE0CF2CABFE}.Release|iPhone.Build.0 = Release|iPhone
		{E2877BE8-C846-4A49-95E9-DBE0CF2CABFE}.Release|iPhoneSimulator.ActiveCfg = Release|iPhoneSimulator
		{E2877BE8-C846-4A49-95E9-DBE0CF2CABFE}.Release|iPhoneSimulator.Build.0 = Release|iPhoneSimulator
		{E2877BE8-C846-4A49-95E9-DBE0CF2CABFE}.Release|x64.ActiveCfg = Release|iPhone
		{E2877BE8-C846-4A49-95E9-DBE0CF2CABFE}.Release|x86.ActiveCfg = Release|iPhone
		{C8A61E76-F8AF-414A-8836-975779DE5695}.Ad-Hoc|Any CPU.ActiveCfg = Release|x86
		{C8A61E76-F8AF-414A-8836-975779DE5695}.Ad-Hoc|Any CPU.Build.0 = Release|x86
		{C8A61E76-F8AF-414A-8836-975779DE5695}.Ad-Hoc|Any CPU.Deploy.0 = Release|x86
		{C8A61E76-F8AF-414A-8836-975779DE5695}.Ad-Hoc|ARM.ActiveCfg = Release|ARM
		{C8A61E76-F8AF-414A-8836-975779DE5695}.Ad-Hoc|ARM.Build.0 = Release|ARM
		{C8A61E76-F8AF-414A-8836-975779DE5695}.Ad-Hoc|ARM.Deploy.0 = Release|ARM
		{C8A61E76-F8AF-414A-8836-975779DE5695}.Ad-Hoc|iPhone.ActiveCfg = Release|x86
		{C8A61E76-F8AF-414A-8836-975779DE5695}.Ad-Hoc|iPhone.Build.0 = Release|x86
		{C8A61E76-F8AF-414A-8836-975779DE5695}.Ad-Hoc|iPhone.Deploy.0 = Release|x86
		{C8A61E76-F8AF-414A-8836-975779DE5695}.Ad-Hoc|iPhoneSimulator.ActiveCfg = Release|x86
		{C8A61E76-F8AF-414A-8836-975779DE5695}.Ad-Hoc|iPhoneSimulator.Build.0 = Release|x86
		{C8A61E76-F8AF-414A-8836-975779DE5695}.Ad-Hoc|iPhoneSimulator.Deploy.0 = Release|x86
		{C8A61E76-F8AF-414A-8836-975779DE5695}.Ad-Hoc|x64.ActiveCfg = Release|x64
		{C8A61E76-F8AF-414A-8836-975779DE5695}.Ad-Hoc|x64.Build.0 = Release|x64
		{C8A61E76-F8AF-414A-8836-975779DE5695}.Ad-Hoc|x64.Deploy.0 = Release|x64
		{C8A61E76-F8AF-414A-8836-975779DE5695}.Ad-Hoc|x86.ActiveCfg = Release|x86
		{C8A61E76-F8AF-414A-8836-975779DE5695}.Ad-Hoc|x86.Build.0 = Release|x86
		{C8A61E76-F8AF-414A-8836-975779DE5695}.Ad-Hoc|x86.Deploy.0 = Release|x86
		{C8A61E76-F8AF-414A-8836-975779DE5695}.AppStore|Any CPU.ActiveCfg = Release|x86
		{C8A61E76-F8AF-414A-8836-975779DE5695}.AppStore|Any CPU.Build.0 = Release|x86
		{C8A61E76-F8AF-414A-8836-975779DE5695}.AppStore|Any CPU.Deploy.0 = Release|x86
		{C8A61E76-F8AF-414A-8836-975779DE5695}.AppStore|ARM.ActiveCfg = Release|ARM
		{C8A61E76-F8AF-414A-8836-975779DE5695}.AppStore|ARM.Build.0 = Release|ARM
		{C8A61E76-F8AF-414A-8836-975779DE5695}.AppStore|ARM.Deploy.0 = Release|ARM
		{C8A61E76-F8AF-414A-8836-975779DE5695}.AppStore|iPhone.ActiveCfg = Release|x86
		{C8A61E76-F8AF-414A-8836-975779DE5695}.AppStore|iPhone.Build.0 = Release|x86
		{C8A61E76-F8AF-414A-8836-975779DE5695}.AppStore|iPhone.Deploy.0 = Release|x86
		{C8A61E76-F8AF-414A-8836-975779DE5695}.AppStore|iPhoneSimulator.ActiveCfg = Release|x86
		{C8A61E76-F8AF-414A-8836-975779DE5695}.AppStore|iPhoneSimulator.Build.0 = Release|x86
		{C8A61E76-F8AF-414A-8836-975779DE5695}.AppStore|iPhoneSimulator.Deploy.0 = Release|x86
		{C8A61E76-F8AF-414A-8836-975779DE5695}.AppStore|x64.ActiveCfg = Release|x64
		{C8A61E76-F8AF-414A-8836-975779DE5695}.AppStore|x64.Build.0 = Release|x64
		{C8A61E76-F8AF-414A-8836-975779DE5695}.AppStore|x64.Deploy.0 = Release|x64
		{C8A61E76-F8AF-414A-8836-975779DE5695}.AppStore|x86.ActiveCfg = Release|x86
		{C8A61E76-F8AF-414A-8836-975779DE5695}.AppStore|x86.Build.0 = Release|x86
		{C8A61E76-F8AF-414A-8836-975779DE5695}.AppStore|x86.Deploy.0 = Release|x86
		{C8A61E76-F8AF-414A-8836-975779DE5695}.Debug|Any CPU.ActiveCfg = Debug|x86
		{C8A61E76-F8AF-414A-8836-975779DE5695}.Debug|ARM.ActiveCfg = Debug|ARM
		{C8A61E76-F8AF-414A-8836-975779DE5695}.Debug|ARM.Build.0 = Debug|ARM
		{C8A61E76-F8AF-414A-8836-975779DE5695}.Debug|ARM.Deploy.0 = Debug|ARM
		{C8A61E76-F8AF-414A-8836-975779DE5695}.Debug|iPhone.ActiveCfg = Debug|x86
		{C8A61E76-F8AF-414A-8836-975779DE5695}.Debug|iPhoneSimulator.ActiveCfg = Debug|x86
		{C8A61E76-F8AF-414A-8836-975779DE5695}.Debug|x64.ActiveCfg = Debug|x64
		{C8A61E76-F8AF-414A-8836-975779DE5695}.Debug|x64.Build.0 = Debug|x64
		{C8A61E76-F8AF-414A-8836-975779DE5695}.Debug|x64.Deploy.0 = Debug|x64
		{C8A61E76-F8AF-414A-8836-975779DE5695}.Debug|x86.ActiveCfg = Debug|x86
		{C8A61E76-F8AF-414A-8836-975779DE5695}.Debug|x86.Build.0 = Debug|x86
		{C8A61E76-F8AF-414A-8836-975779DE5695}.Debug|x86.Deploy.0 = Debug|x86
		{C8A61E76-F8AF-414A-8836-975779DE5695}.Release|Any CPU.ActiveCfg = Release|x86
		{C8A61E76-F8AF-414A-8836-975779DE5695}.Release|ARM.ActiveCfg = Release|ARM
		{C8A61E76-F8AF-414A-8836-975779DE5695}.Release|ARM.Build.0 = Release|ARM
		{C8A61E76-F8AF-414A-8836-975779DE5695}.Release|ARM.Deploy.0 = Release|ARM
		{C8A61E76-F8AF-414A-8836-975779DE5695}.Release|iPhone.ActiveCfg = Release|x86
		{C8A61E76-F8AF-414A-8836-975779DE5695}.Release|iPhoneSimulator.ActiveCfg = Release|x86
		{C8A61E76-F8AF-414A-8836-975779DE5695}.Release|x64.ActiveCfg = Release|x64
		{C8A61E76-F8AF-414A-8836-975779DE5695}.Release|x64.Build.0 = Release|x64
		{C8A61E76-F8AF-414A-8836-975779DE5695}.Release|x64.Deploy.0 = Release|x64
		{C8A61E76-F8AF-414A-8836-975779DE5695}.Release|x86.ActiveCfg = Release|x86
		{C8A61E76-F8AF-414A-8836-975779DE5695}.Release|x86.Build.0 = Release|x86
		{C8A61E76-F8AF-414A-8836-975779DE5695}.Release|x86.Deploy.0 = Release|x86
	EndGlobalSection
	GlobalSection(SolutionProperties) = preSolution
		HideSolutionNode = FALSE
	EndGlobalSection
EndGlobal
